
Microsoft Visual Studio Solution File, Format Version 12.00
# Visual Studio Version 16
VisualStudioVersion = 16.0.32002.261
MinimumVisualStudioVersion = 10.0.40219.1
Project("{FAE04EC0-301F-11D3-BF4B-00C04F79EFBC}") = "ControlSys", "ControlSys.csproj", "{C12A45C0-A11C-4E18-B4FF-36529EAEB99A}"
EndProject
Global
	GlobalSection(SolutionConfigurationPlatforms) = preSolution
		Debug|Any CPU = Debug|Any CPU
		Release|Any CPU = Release|Any CPU
	EndGlobalSection
	GlobalSection(ProjectConfigurationPlatforms) = postSolution
		{C12A45C0-A11C-4E18-B4FF-36529EAEB99A}.Debug|Any CPU.ActiveCfg = Debug|Any CPU
		{C12A45C0-A11C-4E18-B4FF-36529EAEB99A}.Debug|Any CPU.Build.0 = Debug|Any CPU
		{C12A45C0-A11C-4E18-B4FF-36529EAEB99A}.Release|Any CPU.ActiveCfg = Release|Any CPU
		{C12A45C0-A11C-4E18-B4FF-36529EAEB99A}.Release|Any CPU.Build.0 = Release|Any CPU
	EndGlobalSection
	GlobalSection(SolutionProperties) = preSolution
		HideSolutionNode = FALSE
	EndGlobalSection
	GlobalSection(ExtensibilityGlobals) = postSolution
		SolutionGuid = {DD1BF2F7-892F-42EE-8732-2369385DD25B}
	EndGlobalSection
EndGlobal
